
Microsoft Visual Studio Solution File, Format Version 12.00
# Visual Studio Version 16
VisualStudioVersion = 16.0.31702.278
MinimumVisualStudioVersion = 10.0.40219.1
Project("{FAE04EC0-301F-11D3-BF4B-00C04F79EFBC}") = "FunWithLinq", "FunWithLinq\FunWithLinq.csproj", "{301FD8C5-0F89-45B5-AD23-206B8E6B8BC7}"
EndProject
Global
	GlobalSection(SolutionConfigurationPlatforms) = preSolution
		Debug|Any CPU = Debug|Any CPU
		Release|Any CPU = Release|Any CPU
	EndGlobalSection
	GlobalSection(ProjectConfigurationPlatforms) = postSolution
		{301FD8C5-0F89-45B5-AD23-206B8E6B8BC7}.Debug|Any CPU.ActiveCfg = Debug|Any CPU
		{301FD8C5-0F89-45B5-AD23-206B8E6B8BC7}.Debug|Any CPU.Build.0 = Debug|Any CPU
		{301FD8C5-0F89-45B5-AD23-206B8E6B8BC7}.Release|Any CPU.ActiveCfg = Release|Any CPU
		{301FD8C5-0F89-45B5-AD23-206B8E6B8BC7}.Release|Any CPU.Build.0 = Release|Any CPU
	EndGlobalSection
	GlobalSection(SolutionProperties) = preSolution
		HideSolutionNode = FALSE
	EndGlobalSection
	GlobalSection(ExtensibilityGlobals) = postSolution
		SolutionGuid = {0E9351C2-8B98-41D9-95AD-3156B4AF86FA}
	EndGlobalSection
EndGlobal
